
Microsoft Visual Studio Solution File, Format Version 12.00
# Visual Studio 15
VisualStudioVersion = 15.0.28307.421
MinimumVisualStudioVersion = 10.0.40219.1
Project("{8BC9CEB8-8B4A-11D0-8D11-00A0C91BC942}") = "LibraryTest", "LibraryTest\LibraryTest.vcxproj", "{BBF23A54-8CCF-4742-8AE0-0A53FF189836}"
EndProject
Global
	GlobalSection(SolutionConfigurationPlatforms) = preSolution
		Debug|x64 = Debug|x64
		Debug|x86 = Debug|x86
		Release|x64 = Release|x64
		Release|x86 = Release|x86
	EndGlobalSection
	GlobalSection(ProjectConfigurationPlatforms) = postSolution
		{BBF23A54-8CCF-4742-8AE0-0A53FF189836}.Debug|x64.ActiveCfg = Debug|x64
		{BBF23A54-8CCF-4742-8AE0-0A53FF189836}.Debug|x64.Build.0 = Debug|x64
		{BBF23A54-8CCF-4742-8AE0-0A53FF189836}.Debug|x86.ActiveCfg = Debug|Win32
		{BBF23A54-8CCF-4742-8AE0-0A53FF189836}.Debug|x86.Build.0 = Debug|Win32
		{BBF23A54-8CCF-4742-8AE0-0A53FF189836}.Release|x64.ActiveCfg = Release|x64
		{BBF23A54-8CCF-4742-8AE0-0A53FF189836}.Release|x64.Build.0 = Release|x64
		{BBF23A54-8CCF-4742-8AE0-0A53FF189836}.Release|x86.ActiveCfg = Release|Win32
		{BBF23A54-8CCF-4742-8AE0-0A53FF189836}.Release|x86.Build.0 = Release|Win32
	EndGlobalSection
	GlobalSection(SolutionProperties) = preSolution
		HideSolutionNode = FALSE
	EndGlobalSection
	GlobalSection(ExtensibilityGlobals) = postSolution
		SolutionGuid = {9C8077EE-23FA-46C1-9DF1-47C834BCCF05}
	EndGlobalSection
EndGlobal
